
Microsoft Visual Studio Solution File, Format Version 12.00
# Visual Studio Version 17
VisualStudioVersion = 17.8.34316.72
MinimumVisualStudioVersion = 10.0.40219.1
Project("{FAE04EC0-301F-11D3-BF4B-00C04F79EFBC}") = "PlatformInstall", "PlatformInstall.csproj", "{CCC29B1C-4A2D-45C4-BB3D-0293F4FCCE08}"
EndProject
Global
	GlobalSection(SolutionConfigurationPlatforms) = preSolution
		Debug|Any CPU = Debug|Any CPU
		Release|Any CPU = Release|Any CPU
	EndGlobalSection
	GlobalSection(ProjectConfigurationPlatforms) = postSolution
		{CCC29B1C-4A2D-45C4-BB3D-0293F4FCCE08}.Debug|Any CPU.ActiveCfg = Debug|Any CPU
		{CCC29B1C-4A2D-45C4-BB3D-0293F4FCCE08}.Debug|Any CPU.Build.0 = Debug|Any CPU
		{CCC29B1C-4A2D-45C4-BB3D-0293F4FCCE08}.Release|Any CPU.ActiveCfg = Release|Any CPU
		{CCC29B1C-4A2D-45C4-BB3D-0293F4FCCE08}.Release|Any CPU.Build.0 = Release|Any CPU
	EndGlobalSection
	GlobalSection(SolutionProperties) = preSolution
		HideSolutionNode = FALSE
	EndGlobalSection
	GlobalSection(ExtensibilityGlobals) = postSolution
		SolutionGuid = {33BDF311-D929-4D6C-8099-D41E67CA09EC}
	EndGlobalSection
EndGlobal
